// !$*UTF8*$!
{
	archiveVersion = 1;
	classes = {
	};
	objectVersion = 50;
	objects = {

/* Begin PBXBuildFile section */
		A9796FCC23A492EF004E3622 /* AppDelegate.swift in Sources */ = {isa = PBXBuildFile; fileRef = A9796FCB23A492EF004E3622 /* AppDelegate.swift */; };
		A9796FCE23A492EF004E3622 /* SceneDelegate.swift in Sources */ = {isa = PBXBuildFile; fileRef = A9796FCD23A492EF004E3622 /* SceneDelegate.swift */; };
		A9796FD023A492EF004E3622 /* ViewController.swift in Sources */ = {isa = PBXBuildFile; fileRef = A9796FCF23A492EF004E3622 /* ViewController.swift */; };
		A9796FD323A492EF004E3622 /* Main.storyboard in Resources */ = {isa = PBXBuildFile; fileRef = A9796FD123A492EF004E3622 /* Main.storyboard */; };
		A9796FD523A492F5004E3622 /* Assets.xcassets in Resources */ = {isa = PBXBuildFile; fileRef = A9796FD423A492F5004E3622 /* Assets.xcassets */; };
		A9796FD823A492F5004E3622 /* LaunchScreen.storyboard in Resources */ = {isa = PBXBuildFile; fileRef = A9796FD623A492F5004E3622 /* LaunchScreen.storyboard */; };
		A9796FE323A492F6004E3622 /* FirebaseMessagingDemoTests.swift in Sources */ = {isa = PBXBuildFile; fileRef = A9796FE223A492F6004E3622 /* FirebaseMessagingDemoTests.swift */; };
		A9796FEE23A492F6004E3622 /* FirebaseMessagingDemoUITests.swift in Sources */ = {isa = PBXBuildFile; fileRef = A9796FED23A492F6004E3622 /* FirebaseMessagingDemoUITests.swift */; };
/* End PBXBuildFile section */

/* Begin PBXContainerItemProxy section */
		A9796FDF23A492F6004E3622 /* PBXContainerItemProxy */ = {
			isa = PBXContainerItemProxy;
			containerPortal = A9796FC023A492EF004E3622 /* Project object */;
			proxyType = 1;
			remoteGlobalIDString = A9796FC723A492EF004E3622;
			remoteInfo = FirebaseMessagingDemo;
		};
		A9796FEA23A492F6004E3622 /* PBXContainerItemProxy */ = {
			isa = PBXContainerItemProxy;
			containerPortal = A9796FC023A492EF004E3622 /* Project object */;
			proxyType = 1;
			remoteGlobalIDString = A9796FC723A492EF004E3622;
			remoteInfo = FirebaseMessagingDemo;
		};
/* End PBXContainerItemProxy section */

/* Begin PBXFileReference section */
		A9796FC823A492EF004E3622 /* FirebaseMessagingDemo.app */ = {isa = PBXFileReference; explicitFileType = wrapper.application; includeInIndex = 0; path = FirebaseMessagingDemo.app; sourceTree = BUILT_PRODUCTS_DIR; };
		A9796FCB23A492EF004E3622 /* AppDelegate.swift */ = {isa = PBXFileReference; lastKnownFileType = sourcecode.swift; path = AppDelegate.swift; sourceTree = "<group>"; };
		A9796FCD23A492EF004E3622 /* SceneDelegate.swift */ = {isa = PBXFileReference; lastKnownFileType = sourcecode.swift; path = SceneDelegate.swift; sourceTree = "<group>"; };
		A9796FCF23A492EF004E3622 /* ViewController.swift */ = {isa = PBXFileReference; lastKnownFileType = sourcecode.swift; path = ViewController.swift; sourceTree = "<group>"; };
		A9796FD223A492EF004E3622 /* Base */ = {isa = PBXFileReference; lastKnownFileType = file.storyboard; name = Base; path = Base.lproj/Main.storyboard; sourceTree = "<group>"; };
		A9796FD423A492F5004E3622 /* Assets.xcassets */ = {isa = PBXFileReference; lastKnownFileType = folder.assetcatalog; path = Assets.xcassets; sourceTree = "<group>"; };
		A9796FD723A492F5004E3622 /* Base */ = {isa = PBXFileReference; lastKnownFileType = file.storyboard; name = Base; path = Base.lproj/LaunchScreen.storyboard; sourceTree = "<group>"; };
		A9796FD923A492F5004E3622 /* Info.plist */ = {isa = PBXFileReference; lastKnownFileType = text.plist.xml; path = Info.plist; sourceTree = "<group>"; };
		A9796FDE23A492F6004E3622 /* FirebaseMessagingDemoTests.xctest */ = {isa = PBXFileReference; explicitFileType = wrapper.cfbundle; includeInIndex = 0; path = FirebaseMessagingDemoTests.xctest; sourceTree = BUILT_PRODUCTS_DIR; };
		A9796FE223A492F6004E3622 /* FirebaseMessagingDemoTests.swift */ = {isa = PBXFileReference; lastKnownFileType = sourcecode.swift; path = FirebaseMessagingDemoTests.swift; sourceTree = "<group>"; };
		A9796FE423A492F6004E3622 /* Info.plist */ = {isa = PBXFileReference; lastKnownFileType = text.plist.xml; path = Info.plist; sourceTree = "<group>"; };
		A9796FE923A492F6004E3622 /* FirebaseMessagingDemoUITests.xctest */ = {isa = PBXFileReference; explicitFileType = wrapper.cfbundle; includeInIndex = 0; path = FirebaseMessagingDemoUITests.xctest; sourceTree = BUILT_PRODUCTS_DIR; };
		A9796FED23A492F6004E3622 /* FirebaseMessagingDemoUITests.swift */ = {isa = PBXFileReference; lastKnownFileType = sourcecode.swift; path = FirebaseMessagingDemoUITests.swift; sourceTree = "<group>"; };
		A9796FEF23A492F6004E3622 /* Info.plist */ = {isa = PBXFileReference; lastKnownFileType = text.plist.xml; path = Info.plist; sourceTree = "<group>"; };
/* End PBXFileReference section */

/* Begin PBXFrameworksBuildPhase section */
		A9796FC523A492EF004E3622 /* Frameworks */ = {
			isa = PBXFrameworksBuildPhase;
			buildActionMask = 2147483647;
			files = (
			);
			runOnlyForDeploymentPostprocessing = 0;
		};
		A9796FDB23A492F6004E3622 /* Frameworks */ = {
			isa = PBXFrameworksBuildPhase;
			buildActionMask = 2147483647;
			files = (
			);
			runOnlyForDeploymentPostprocessing = 0;
		};
		A9796FE623A492F6004E3622 /* Frameworks */ = {
			isa = PBXFrameworksBuildPhase;
			buildActionMask = 2147483647;
			files = (
			);
			runOnlyForDeploymentPostprocessing = 0;
		};
/* End PBXFrameworksBuildPhase section */

/* Begin PBXGroup section */
		A9796FBF23A492EF004E3622 = {
			isa = PBXGroup;
			children = (
				A9796FCA23A492EF004E3622 /* FirebaseMessagingDemo */,
				A9796FE123A492F6004E3622 /* FirebaseMessagingDemoTests */,
				A9796FEC23A492F6004E3622 /* FirebaseMessagingDemoUITests */,
				A9796FC923A492EF004E3622 /* Products */,
			);
			sourceTree = "<group>";
		};
		A9796FC923A492EF004E3622 /* Products */ = {
			isa = PBXGroup;
			children = (
				A9796FC823A492EF004E3622 /* FirebaseMessagingDemo.app */,
				A9796FDE23A492F6004E3622 /* FirebaseMessagingDemoTests.xctest */,
				A9796FE923A492F6004E3622 /* FirebaseMessagingDemoUITests.xctest */,
			);
			name = Products;
			sourceTree = "<group>";
		};
		A9796FCA23A492EF004E3622 /* FirebaseMessagingDemo */ = {
			isa = PBXGroup;
			children = (
				A9796FCB23A492EF004E3622 /* AppDelegate.swift */,
				A9796FCD23A492EF004E3622 /* SceneDelegate.swift */,
				A9796FCF23A492EF004E3622 /* ViewController.swift */,
				A9796FD123A492EF004E3622 /* Main.storyboard */,
				A9796FD423A492F5004E3622 /* Assets.xcassets */,
				A9796FD623A492F5004E3622 /* LaunchScreen.storyboard */,
				A9796FD923A492F5004E3622 /* Info.plist */,
			);
			path = FirebaseMessagingDemo;
			sourceTree = "<group>";
		};
		A9796FE123A492F6004E3622 /* FirebaseMessagingDemoTests */ = {
			isa = PBXGroup;
			children = (
				A9796FE223A492F6004E3622 /* FirebaseMessagingDemoTests.swift */,
				A9796FE423A492F6004E3622 /* Info.plist */,
			);
			path = FirebaseMessagingDemoTests;
			sourceTree = "<group>";
		};
		A9796FEC23A492F6004E3622 /* FirebaseMessagingDemoUITests */ = {
			isa = PBXGroup;
			children = (
				A9796FED23A492F6004E3622 /* FirebaseMessagingDemoUITests.swift */,
				A9796FEF23A492F6004E3622 /* Info.plist */,
			);
			path = FirebaseMessagingDemoUITests;
			sourceTree = "<group>";
		};
/* End PBXGroup section */

/* Begin PBXNativeTarget section */
		A9796FC723A492EF004E3622 /* FirebaseMessagingDemo */ = {
			isa = PBXNativeTarget;
			buildConfigurationList = A9796FF223A492F6004E3622 /* Build configuration list for PBXNativeTarget "FirebaseMessagingDemo" */;
			buildPhases = (
				A9796FC423A492EF004E3622 /* Sources */,
				A9796FC523A492EF004E3622 /* Frameworks */,
				A9796FC623A492EF004E3622 /* Resources */,
			);
			buildRules = (
			);
			dependencies = (
			);
			name = FirebaseMessagingDemo;
			productName = FirebaseMessagingDemo;
			productReference = A9796FC823A492EF004E3622 /* FirebaseMessagingDemo.app */;
			productType = "com.apple.product-type.application";
		};
		A9796FDD23A492F6004E3622 /* FirebaseMessagingDemoTests */ = {
			isa = PBXNativeTarget;
			buildConfigurationList = A9796FF523A492F6004E3622 /* Build configuration list for PBXNativeTarget "FirebaseMessagingDemoTests" */;
			buildPhases = (
				A9796FDA23A492F6004E3622 /* Sources */,
				A9796FDB23A492F6004E3622 /* Frameworks */,
				A9796FDC23A492F6004E3622 /* Resources */,
			);
			buildRules = (
			);
			dependencies = (
				A9796FE023A492F6004E3622 /* PBXTargetDependency */,
			);
			name = FirebaseMessagingDemoTests;
			productName = FirebaseMessagingDemoTests;
			productReference = A9796FDE23A492F6004E3622 /* FirebaseMessagingDemoTests.xctest */;
			productType = "com.apple.product-type.bundle.unit-test";
		};
		A9796FE823A492F6004E3622 /* FirebaseMessagingDemoUITests */ = {
			isa = PBXNativeTarget;
			buildConfigurationList = A9796FF823A492F6004E3622 /* Build configuration list for PBXNativeTarget "FirebaseMessagingDemoUITests" */;
			buildPhases = (
				A9796FE523A492F6004E3622 /* Sources */,
				A9796FE623A492F6004E3622 /* Frameworks */,
				A9796FE723A492F6004E3622 /* Resources */,
			);
			buildRules = (
			);
			dependencies = (
				A9796FEB23A492F6004E3622 /* PBXTargetDependency */,
			);
			name = FirebaseMessagingDemoUITests;
			productName = FirebaseMessagingDemoUITests;
			productReference = A9796FE923A492F6004E3622 /* FirebaseMessagingDemoUITests.xctest */;
			productType = "com.apple.product-type.bundle.ui-testing";
		};
/* End PBXNativeTarget section */

/* Begin PBXProject section */
		A9796FC023A492EF004E3622 /* Project object */ = {
			isa = PBXProject;
			attributes = {
				LastSwiftUpdateCheck = 1110;
				LastUpgradeCheck = 1110;
				ORGANIZATIONNAME = "Bhushan  Borse";
				TargetAttributes = {
					A9796FC723A492EF004E3622 = {
						CreatedOnToolsVersion = 11.1;
					};
					A9796FDD23A492F6004E3622 = {
						CreatedOnToolsVersion = 11.1;
						TestTargetID = A9796FC723A492EF004E3622;
					};
					A9796FE823A492F6004E3622 = {
						CreatedOnToolsVersion = 11.1;
						TestTargetID = A9796FC723A492EF004E3622;
					};
				};
			};
			buildConfigurationList = A9796FC323A492EF004E3622 /* Build configuration list for PBXProject "FirebaseMessagingDemo" */;
			compatibilityVersion = "Xcode 9.3";
			developmentRegion = en;
			hasScannedForEncodings = 0;
			knownRegions = (
				en,
				Base,
			);
			mainGroup = A9796FBF23A492EF004E3622;
			productRefGroup = A9796FC923A492EF004E3622 /* Products */;
			projectDirPath = "";
			projectRoot = "";
			targets = (
				A9796FC723A492EF004E3622 /* FirebaseMessagingDemo */,
				A9796FDD23A492F6004E3622 /* FirebaseMessagingDemoTests */,
				A9796FE823A492F6004E3622 /* FirebaseMessagingDemoUITests */,
			);
		};
/* End PBXProject section */

/* Begin PBXResourcesBuildPhase section */
		A9796FC623A492EF004E3622 /* Resources */ = {
			isa = PBXResourcesBuildPhase;
			buildActionMask = 2147483647;
			files = (
				A9796FD823A492F5004E3622 /* LaunchScreen.storyboard in Resources */,
				A9796FD523A492F5004E3622 /* Assets.xcassets in Resources */,
				A9796FD323A492EF004E3622 /* Main.storyboard in Resources */,
			);
			runOnlyForDeploymentPostprocessing = 0;
		};
		A9796FDC23A492F6004E3622 /* Resources */ = {
			isa = PBXResourcesBuildPhase;
			buildActionMask = 2147483647;
			files = (
			);
			runOnlyForDeploymentPostprocessing = 0;
		};
		A9796FE723A492F6004E3622 /* Resources */ = {
			isa = PBXResourcesBuildPhase;
			buildActionMask = 2147483647;
			files = (
			);
			runOnlyForDeploymentPostprocessing = 0;
		};
/* End PBXResourcesBuildPhase section */

/* Begin PBXSourcesBuildPhase section */
		A9796FC423A492EF004E3622 /* Sources */ = {
			isa = PBXSourcesBuildPhase;
			buildActionMask = 2147483647;
			files = (
				A9796FD023A492EF004E3622 /* ViewController.swift in Sources */,
				A9796FCC23A492EF004E3622 /* AppDelegate.swift in Sources */,
				A9796FCE23A492EF004E3622 /* SceneDelegate.swift in Sources */,
			);
			runOnlyForDeploymentPostprocessing = 0;
		};
		A9796FDA23A492F6004E3622 /* Sources */ = {
			isa = PBXSourcesBuildPhase;
			buildActionMask = 2147483647;
			files = (
				A9796FE323A492F6004E3622 /* FirebaseMessagingDemoTests.swift in Sources */,
			);
			runOnlyForDeploymentPostprocessing = 0;
		};
		A9796FE523A492F6004E3622 /* Sources */ = {
			isa = PBXSourcesBuildPhase;
			buildActionMask = 2147483647;
			files = (
				A9796FEE23A492F6004E3622 /* FirebaseMessagingDemoUITests.swift in Sources */,
			);
			runOnlyForDeploymentPostprocessing = 0;
		};
/* End PBXSourcesBuildPhase section */

/* Begin PBXTargetDependency section */
		A9796FE023A492F6004E3622 /* PBXTargetDependency */ = {
			isa = PBXTargetDependency;
			target = A9796FC723A492EF004E3622 /* FirebaseMessagingDemo */;
			targetProxy = A9796FDF23A492F6004E3622 /* PBXContainerItemProxy */;
		};
		A9796FEB23A492F6004E3622 /* PBXTargetDependency */ = {
			isa = PBXTargetDependency;
			target = A9796FC723A492EF004E3622 /* FirebaseMessagingDemo */;
			targetProxy = A9796FEA23A492F6004E3622 /* PBXContainerItemProxy */;
		};
/* End PBXTargetDependency section */

/* Begin PBXVariantGroup section */
		A9796FD123A492EF004E3622 /* Main.storyboard */ = {
			isa = PBXVariantGroup;
			children = (
				A9796FD223A492EF004E3622 /* Base */,
			);
			name = Main.storyboard;
			sourceTree = "<group>";
		};
		A9796FD623A492F5004E3622 /* LaunchScreen.storyboard */ = {
			isa = PBXVariantGroup;
			children = (
				A9796FD723A492F5004E3622 /* Base */,
			);
			name = LaunchScreen.storyboard;
			sourceTree = "<group>";
		};
/* End PBXVariantGroup section */

/* Begin XCBuildConfiguration section */
		A9796FF023A492F6004E3622 /* Debug */ = {
			isa = XCBuildConfiguration;
			buildSettings = {
				ALWAYS_SEARCH_USER_PATHS = NO;
				CLANG_ANALYZER_NONNULL = YES;
				CLANG_ANALYZER_NUMBER_OBJECT_CONVERSION = YES_AGGRESSIVE;
				CLANG_CXX_LANGUAGE_STANDARD = "gnu++14";
				CLANG_CXX_LIBRARY = "libc++";
				CLANG_ENABLE_MODULES = YES;
				CLANG_ENABLE_OBJC_ARC = YES;
				CLANG_ENABLE_OBJC_WEAK = YES;
				CLANG_WARN_BLOCK_CAPTURE_AUTORELEASING = YES;
				CLANG_WARN_BOOL_CONVERSION = YES;
				CLANG_WARN_COMMA = YES;
				CLANG_WARN_CONSTANT_CONVERSION = YES;
				CLANG_WARN_DEPRECATED_OBJC_IMPLEMENTATIONS = YES;
				CLANG_WARN_DIRECT_OBJC_ISA_USAGE = YES_ERROR;
				CLANG_WARN_DOCUMENTATION_COMMENTS = YES;
				CLANG_WARN_EMPTY_BODY = YES;
				CLANG_WARN_ENUM_CONVERSION = YES;
				CLANG_WARN_INFINITE_RECURSION = YES;
				CLANG_WARN_INT_CONVERSION = YES;
				CLANG_WARN_NON_LITERAL_NULL_CONVERSION = YES;
				CLANG_WARN_OBJC_IMPLICIT_RETAIN_SELF = YES;
				CLANG_WARN_OBJC_LITERAL_CONVERSION = YES;
				CLANG_WARN_OBJC_ROOT_CLASS = YES_ERROR;
				CLANG_WARN_RANGE_LOOP_ANALYSIS = YES;
				CLANG_WARN_STRICT_PROTOTYPES = YES;
				CLANG_WARN_SUSPICIOUS_MOVE = YES;
				CLANG_WARN_UNGUARDED_AVAILABILITY = YES_AGGRESSIVE;
				CLANG_WARN_UNREACHABLE_CODE = YES;
				CLANG_WARN__DUPLICATE_METHOD_MATCH = YES;
				COPY_PHASE_STRIP = NO;
				DEBUG_INFORMATION_FORMAT = dwarf;
				ENABLE_STRICT_OBJC_MSGSEND = YES;
				ENABLE_TESTABILITY = YES;
				GCC_C_LANGUAGE_STANDARD = gnu11;
				GCC_DYNAMIC_NO_PIC = NO;
				GCC_NO_COMMON_BLOCKS = YES;
				GCC_OPTIMIZATION_LEVEL = 0;
				GCC_PREPROCESSOR_DEFINITIONS = (
					"DEBUG=1",
					"$(inherited)",
				);
				GCC_WARN_64_TO_32_BIT_CONVERSION = YES;
				GCC_WARN_ABOUT_RETURN_TYPE = YES_ERROR;
				GCC_WARN_UNDECLARED_SELECTOR = YES;
				GCC_WARN_UNINITIALIZED_AUTOS = YES_AGGRESSIVE;
				GCC_WARN_UNUSED_FUNCTION = YES;
				GCC_WARN_UNUSED_VARIABLE = YES;
				IPHONEOS_DEPLOYMENT_TARGET = 13.1;
				MTL_ENABLE_DEBUG_INFO = INCLUDE_SOURCE;
				MTL_FAST_MATH = YES;
				ONLY_ACTIVE_ARCH = YES;
				SDKROOT = iphoneos;
				SWIFT_ACTIVE_COMPILATION_CONDITIONS = DEBUG;
				SWIFT_OPTIMIZATION_LEVEL = "-Onone";
			};
			name = Debug;
		};
		A9796FF123A492F6004E3622 /* Release */ = {
			isa = XCBuildConfiguration;
			buildSettings = {
				ALWAYS_SEARCH_USER_PATHS = NO;
				CLANG_ANALYZER_NONNULL = YES;
				CLANG_ANALYZER_NUMBER_OBJECT_CONVERSION = YES_AGGRESSIVE;
				CLANG_CXX_LANGUAGE_STANDARD = "gnu++14";
				CLANG_CXX_LIBRARY = "libc++";
				CLANG_ENABLE_MODULES = YES;
				CLANG_ENABLE_OBJC_ARC = YES;
				CLANG_ENABLE_OBJC_WEAK = YES;
				CLANG_WARN_BLOCK_CAPTURE_AUTORELEASING = YES;
				CLANG_WARN_BOOL_CONVERSION = YES;
				CLANG_WARN_COMMA = YES;
				CLANG_WARN_CONSTANT_CONVERSION = YES;
				CLANG_WARN_DEPRECATED_OBJC_IMPLEMENTATIONS = YES;
				CLANG_WARN_DIRECT_OBJC_ISA_USAGE = YES_ERROR;
				CLANG_WARN_DOCUMENTATION_COMMENTS = YES;
				CLANG_WARN_EMPTY_BODY = YES;
				CLANG_WARN_ENUM_CONVERSION = YES;
				CLANG_WARN_INFINITE_RECURSION = YES;
				CLANG_WARN_INT_CONVERSION = YES;
				CLANG_WARN_NON_LITERAL_NULL_CONVERSION = YES;
				CLANG_WARN_OBJC_IMPLICIT_RETAIN_SELF = YES;
				CLANG_WARN_OBJC_LITERAL_CONVERSION = YES;
				CLANG_WARN_OBJC_ROOT_CLASS = YES_ERROR;
				CLANG_WARN_RANGE_LOOP_ANALYSIS = YES;
				CLANG_WARN_STRICT_PROTOTYPES = YES;
				CLANG_WARN_SUSPICIOUS_MOVE = YES;
				CLANG_WARN_UNGUARDED_AVAILABILITY = YES_AGGRESSIVE;
				CLANG_WARN_UNREACHABLE_CODE = YES;
				CLANG_WARN__DUPLICATE_METHOD_MATCH = YES;
				COPY_PHASE_STRIP = NO;
				DEBUG_INFORMATION_FORMAT = "dwarf-with-dsym";
				ENABLE_NS_ASSERTIONS = NO;
				ENABLE_STRICT_OBJC_MSGSEND = YES;
				GCC_C_LANGUAGE_STANDARD = gnu11;
				GCC_NO_COMMON_BLOCKS = YES;
				GCC_WARN_64_TO_32_BIT_CONVERSION = YES;
				GCC_WARN_ABOUT_RETURN_TYPE = YES_ERROR;
				GCC_WARN_UNDECLARED_SELECTOR = YES;
				GCC_WARN_UNINITIALIZED_AUTOS = YES_AGGRESSIVE;
				GCC_WARN_UNUSED_FUNCTION = YES;
				GCC_WARN_UNUSED_VARIABLE = YES;
				IPHONEOS_DEPLOYMENT_TARGET = 13.1;
				MTL_ENABLE_DEBUG_INFO = NO;
				MTL_FAST_MATH = YES;
				SDKROOT = iphoneos;
				SWIFT_COMPILATION_MODE = wholemodule;
				SWIFT_OPTIMIZATION_LEVEL = "-O";
				VALIDATE_PRODUCT = YES;
			};
			name = Release;
		};
		A9796FF323A492F6004E3622 /* Debug */ = {
			isa = XCBuildConfiguration;
			buildSettings = {
				ASSETCATALOG_COMPILER_APPICON_NAME = AppIcon;
				CODE_SIGN_STYLE = Automatic;
				INFOPLIST_FILE = FirebaseMessagingDemo/Info.plist;
				LD_RUNPATH_SEARCH_PATHS = (
					"$(inherited)",
					"@executable_path/Frameworks",
				);
				PRODUCT_BUNDLE_IDENTIFIER = Maharudra.FirebaseMessagingDemo;
				PRODUCT_NAME = "$(TARGET_NAME)";
				SWIFT_VERSION = 5.0;
				TARGETED_DEVICE_FAMILY = "1,2";
			};
			name = Debug;
		};
		A9796FF423A492F6004E3622 /* Release */ = {
			isa = XCBuildConfiguration;
			buildSettings = {
				ASSETCATALOG_COMPILER_APPICON_NAME = AppIcon;
				CODE_SIGN_STYLE = Automatic;
				INFOPLIST_FILE = FirebaseMessagingDemo/Info.plist;
				LD_RUNPATH_SEARCH_PATHS = (
					"$(inherited)",
					"@executable_path/Frameworks",
				);
				PRODUCT_BUNDLE_IDENTIFIER = Maharudra.FirebaseMessagingDemo;
				PRODUCT_NAME = "$(TARGET_NAME)";
				SWIFT_VERSION = 5.0;
				TARGETED_DEVICE_FAMILY = "1,2";
			};
			name = Release;
		};
		A9796FF623A492F6004E3622 /* Debug */ = {
			isa = XCBuildConfiguration;
			buildSettings = {
				ALWAYS_EMBED_SWIFT_STANDARD_LIBRARIES = YES;
				BUNDLE_LOADER = "$(TEST_HOST)";
				CODE_SIGN_STYLE = Automatic;
				INFOPLIST_FILE = FirebaseMessagingDemoTests/Info.plist;
				IPHONEOS_DEPLOYMENT_TARGET = 13.1;
				LD_RUNPATH_SEARCH_PATHS = (
					"$(inherited)",
					"@executable_path/Frameworks",
					"@loader_path/Frameworks",
				);
				PRODUCT_BUNDLE_IDENTIFIER = Maharudra.FirebaseMessagingDemoTests;
				PRODUCT_NAME = "$(TARGET_NAME)";
				SWIFT_VERSION = 5.0;
				TARGETED_DEVICE_FAMILY = "1,2";
				TEST_HOST = "$(BUILT_PRODUCTS_DIR)/FirebaseMessagingDemo.app/FirebaseMessagingDemo";
			};
			name = Debug;
		};
		A9796FF723A492F6004E3622 /* Release */ = {
			isa = XCBuildConfiguration;
			buildSettings = {
				ALWAYS_EMBED_SWIFT_STANDARD_LIBRARIES = YES;
				BUNDLE_LOADER = "$(TEST_HOST)";
				CODE_SIGN_STYLE = Automatic;
				INFOPLIST_FILE = FirebaseMessagingDemoTests/Info.plist;
				IPHONEOS_DEPLOYMENT_TARGET = 13.1;
				LD_RUNPATH_SEARCH_PATHS = (
					"$(inherited)",
					"@executable_path/Frameworks",
					"@loader_path/Frameworks",
				);
				PRODUCT_BUNDLE_IDENTIFIER = Maharudra.FirebaseMessagingDemoTests;
				PRODUCT_NAME = "$(TARGET_NAME)";
				SWIFT_VERSION = 5.0;
				TARGETED_DEVICE_FAMILY = "1,2";
				TEST_HOST = "$(BUILT_PRODUCTS_DIR)/FirebaseMessagingDemo.app/FirebaseMessagingDemo";
			};
			name = Release;
		};
		A9796FF923A492F6004E3622 /* Debug */ = {
			isa = XCBuildConfiguration;
			buildSettings = {
				ALWAYS_EMBED_SWIFT_STANDARD_LIBRARIES = YES;
				CODE_SIGN_STYLE = Automatic;
				INFOPLIST_FILE = FirebaseMessagingDemoUITests/Info.plist;
				LD_RUNPATH_SEARCH_PATHS = (
					"$(inherited)",
					"@executable_path/Frameworks",
					"@loader_path/Frameworks",
				);
				PRODUCT_BUNDLE_IDENTIFIER = Maharudra.FirebaseMessagingDemoUITests;
				PRODUCT_NAME = "$(TARGET_NAME)";
				SWIFT_VERSION = 5.0;
				TARGETED_DEVICE_FAMILY = "1,2";
				TEST_TARGET_NAME = FirebaseMessagingDemo;
			};
			name = Debug;
		};
		A9796FFA23A492F6004E3622 /* Release */ = {
			isa = XCBuildConfiguration;
			buildSettings = {
				ALWAYS_EMBED_SWIFT_STANDARD_LIBRARIES = YES;
				CODE_SIGN_STYLE = Automatic;
				INFOPLIST_FILE = FirebaseMessagingDemoUITests/Info.plist;
				LD_RUNPATH_SEARCH_PATHS = (
					"$(inherited)",
					"@executable_path/Frameworks",
					"@loader_path/Frameworks",
				);
				PRODUCT_BUNDLE_IDENTIFIER = Maharudra.FirebaseMessagingDemoUITests;
				PRODUCT_NAME = "$(TARGET_NAME)";
				SWIFT_VERSION = 5.0;
				TARGETED_DEVICE_FAMILY = "1,2";
				TEST_TARGET_NAME = FirebaseMessagingDemo;
			};
			name = Release;
		};
/* End XCBuildConfiguration section */

/* Begin XCConfigurationList section */
		A9796FC323A492EF004E3622 /* Build configuration list for PBXProject "FirebaseMessagingDemo" */ = {
			isa = XCConfigurationList;
			buildConfigurations = (
				A9796FF023A492F6004E3622 /* Debug */,
				A9796FF123A492F6004E3622 /* Release */,
			);
			defaultConfigurationIsVisible = 0;
			defaultConfigurationName = Release;
		};
		A9796FF223A492F6004E3622 /* Build configuration list for PBXNativeTarget "FirebaseMessagingDemo" */ = {
			isa = XCConfigurationList;
			buildConfigurations = (
				A9796FF323A492F6004E3622 /* Debug */,
				A9796FF423A492F6004E3622 /* Release */,
			);
			defaultConfigurationIsVisible = 0;
			defaultConfigurationName = Release;
		};
		A9796FF523A492F6004E3622 /* Build configuration list for PBXNativeTarget "FirebaseMessagingDemoTests" */ = {
			isa = XCConfigurationList;
			buildConfigurations = (
				A9796FF623A492F6004E3622 /* Debug */,
				A9796FF723A492F6004E3622 /* Release */,
			);
			defaultConfigurationIsVisible = 0;
			defaultConfigurationName = Release;
		};
		A9796FF823A492F6004E3622 /* Build configuration list for PBXNativeTarget "FirebaseMessagingDemoUITests" */ = {
			isa = XCConfigurationList;
			buildConfigurations = (
				A9796FF923A492F6004E3622 /* Debug */,
				A9796FFA23A492F6004E3622 /* Release */,
			);
			defaultConfigurationIsVisible = 0;
			defaultConfigurationName = Release;
		};
/* End XCConfigurationList section */
	};
	rootObject = A9796FC023A492EF004E3622 /* Project object */;
}
